// !$*UTF8*$!
{
	archiveVersion = 1;
	classes = {
	};
	objectVersion = 77;
	objects = {

/* Begin PBXBuildFile section */
		63EECCD62F7D9DC7004DED6A /* .env.dev in Resources */ = {isa = PBXBuildFile; fileRef = 63EECCD52F7D9DC0004DED6A /* .env.dev */; };
		63EECCD82F7DA3B8004DED6A /* .env.feature in Resources */ = {isa = PBXBuildFile; fileRef = 63EECCD72F7DA3AD004DED6A /* .env.feature */; };
/* End PBXBuildFile section */

/* Begin PBXContainerItemProxy section */
		639BA1E22E9FA98D00881352 /* PBXContainerItemProxy */ = {
			isa = PBXContainerItemProxy;
			containerPortal = 639BA1C32E9FA98B00881352 /* Project object */;
			proxyType = 1;
			remoteGlobalIDString = 639BA1CA2E9FA98B00881352;
			remoteInfo = Personal2;
		};
		639BA1EC2E9FA98D00881352 /* PBXContainerItemProxy */ = {
			isa = PBXContainerItemProxy;
			containerPortal = 639BA1C32E9FA98B00881352 /* Project object */;
			proxyType = 1;
			remoteGlobalIDString = 639BA1CA2E9FA98B00881352;
			remoteInfo = Personal2;
		};
/* End PBXContainerItemProxy section */

/* Begin PBXFileReference section */
		639BA1CB2E9FA98B00881352 /* Personal2.app */ = {isa = PBXFileReference; explicitFileType = wrapper.application; includeInIndex = 0; path = Personal2.app; sourceTree = BUILT_PRODUCTS_DIR; };
		639BA1E12E9FA98D00881352 /* Personal2Tests.xctest */ = {isa = PBXFileReference; explicitFileType = wrapper.cfbundle; includeInIndex = 0; path = Personal2Tests.xctest; sourceTree = BUILT_PRODUCTS_DIR; };
		639BA1EB2E9FA98D00881352 /* Personal2UITests.xctest */ = {isa = PBXFileReference; explicitFileType = wrapper.cfbundle; includeInIndex = 0; path = Personal2UITests.xctest; sourceTree = BUILT_PRODUCTS_DIR; };
		63EECCD52F7D9DC0004DED6A /* .env.dev */ = {isa = PBXFileReference; lastKnownFileType = text; path = .env.dev; sourceTree = "<group>"; };
		63EECCD72F7DA3AD004DED6A /* .env.feature */ = {isa = PBXFileReference; lastKnownFileType = text; path = .env.feature; sourceTree = "<group>"; };
/* End PBXFileReference section */

/* Begin PBXFileSystemSynchronizedBuildFileExceptionSet section */
		639BA1F32E9FA98D00881352 /* Exceptions for "Personal2" folder in "Personal2" target */ = {
			isa = PBXFileSystemSynchronizedBuildFileExceptionSet;
			membershipExceptions = (
				Info.plist,
			);
			target = 639BA1CA2E9FA98B00881352 /* Personal2 */;
		};
/* End PBXFileSystemSynchronizedBuildFileExceptionSet section */

/* Begin PBXFileSystemSynchronizedRootGroup section */
		639BA1CD2E9FA98B00881352 /* Personal2 */ = {
			isa = PBXFileSystemSynchronizedRootGroup;
			exceptions = (
				639BA1F32E9FA98D00881352 /* Exceptions for "Personal2" folder in "Personal2" target */,
			);
			path = Personal2;
			sourceTree = "<group>";
		};
		639BA1E42E9FA98D00881352 /* Personal2Tests */ = {
			isa = PBXFileSystemSynchronizedRootGroup;
			path = Personal2Tests;
			sourceTree = "<group>";
		};
		639BA1EE2E9FA98D00881352 /* Personal2UITests */ = {
			isa = PBXFileSystemSynchronizedRootGroup;
			path = Personal2UITests;
			sourceTree = "<group>";
		};
/* End PBXFileSystemSynchronizedRootGroup section */

/* Begin PBXFrameworksBuildPhase section */
		639BA1C82E9FA98B00881352 /* Frameworks */ = {
			isa = PBXFrameworksBuildPhase;
			buildActionMask = 2147483647;
			files = (
			);
			runOnlyForDeploymentPostprocessing = 0;
		};
		639BA1DE2E9FA98D00881352 /* Frameworks */ = {
			isa = PBXFrameworksBuildPhase;
			buildActionMask = 2147483647;
			files = (
			);
			runOnlyForDeploymentPostprocessing = 0;
		};
		639BA1E82E9FA98D00881352 /* Frameworks */ = {
			isa = PBXFrameworksBuildPhase;
			buildActionMask = 2147483647;
			files = (
			);
			runOnlyForDeploymentPostprocessing = 0;
		};
/* End PBXFrameworksBuildPhase section */

/* Begin PBXGroup section */
		639BA1C22E9FA98B00881352 = {
			isa = PBXGroup;
			children = (
				63EECCD72F7DA3AD004DED6A /* .env.feature */,
				63EECCD52F7D9DC0004DED6A /* .env.dev */,
				639BA1CD2E9FA98B00881352 /* Personal2 */,
				639BA1E42E9FA98D00881352 /* Personal2Tests */,
				639BA1EE2E9FA98D00881352 /* Personal2UITests */,
				639BA1CC2E9FA98B00881352 /* Products */,
			);
			sourceTree = "<group>";
		};
		639BA1CC2E9FA98B00881352 /* Products */ = {
			isa = PBXGroup;
			children = (
				639BA1CB2E9FA98B00881352 /* Personal2.app */,
				639BA1E12E9FA98D00881352 /* Personal2Tests.xctest */,
				639BA1EB2E9FA98D00881352 /* Personal2UITests.xctest */,
			);
			name = Products;
			sourceTree = "<group>";
		};
/* End PBXGroup section */

/* Begin PBXNativeTarget section */
		639BA1CA2E9FA98B00881352 /* Personal2 */ = {
			isa = PBXNativeTarget;
			buildConfigurationList = 639BA1F42E9FA98D00881352 /* Build configuration list for PBXNativeTarget "Personal2" */;
			buildPhases = (
				639BA1C72E9FA98B00881352 /* Sources */,
				639BA1C82E9FA98B00881352 /* Frameworks */,
				639BA1C92E9FA98B00881352 /* Resources */,
			);
			buildRules = (
			);
			dependencies = (
			);
			fileSystemSynchronizedGroups = (
				639BA1CD2E9FA98B00881352 /* Personal2 */,
			);
			name = Personal2;
			packageProductDependencies = (
			);
			productName = Personal2;
			productReference = 639BA1CB2E9FA98B00881352 /* Personal2.app */;
			productType = "com.apple.product-type.application";
		};
		639BA1E02E9FA98D00881352 /* Personal2Tests */ = {
			isa = PBXNativeTarget;
			buildConfigurationList = 639BA1F92E9FA98D00881352 /* Build configuration list for PBXNativeTarget "Personal2Tests" */;
			buildPhases = (
				639BA1DD2E9FA98D00881352 /* Sources */,
				639BA1DE2E9FA98D00881352 /* Frameworks */,
				639BA1DF2E9FA98D00881352 /* Resources */,
			);
			buildRules = (
			);
			dependencies = (
				639BA1E32E9FA98D00881352 /* PBXTargetDependency */,
			);
			fileSystemSynchronizedGroups = (
				639BA1E42E9FA98D00881352 /* Personal2Tests */,
			);
			name = Personal2Tests;
			packageProductDependencies = (
			);
			productName = Personal2Tests;
			productReference = 639BA1E12E9FA98D00881352 /* Personal2Tests.xctest */;
			productType = "com.apple.product-type.bundle.unit-test";
		};
		639BA1EA2E9FA98D00881352 /* Personal2UITests */ = {
			isa = PBXNativeTarget;
			buildConfigurationList = 639BA1FC2E9FA98D00881352 /* Build configuration list for PBXNativeTarget "Personal2UITests" */;
			buildPhases = (
				639BA1E72E9FA98D00881352 /* Sources */,
				639BA1E82E9FA98D00881352 /* Frameworks */,
				639BA1E92E9FA98D00881352 /* Resources */,
			);
			buildRules = (
			);
			dependencies = (
				639BA1ED2E9FA98D00881352 /* PBXTargetDependency */,
			);
			fileSystemSynchronizedGroups = (
				639BA1EE2E9FA98D00881352 /* Personal2UITests */,
			);
			name = Personal2UITests;
			packageProductDependencies = (
			);
			productName = Personal2UITests;
			productReference = 639BA1EB2E9FA98D00881352 /* Personal2UITests.xctest */;
			productType = "com.apple.product-type.bundle.ui-testing";
		};
/* End PBXNativeTarget section */

/* Begin PBXProject section */
		639BA1C32E9FA98B00881352 /* Project object */ = {
			isa = PBXProject;
			attributes = {
				BuildIndependentTargetsInParallel = 1;
				LastSwiftUpdateCheck = 1620;
				LastUpgradeCheck = 1620;
				TargetAttributes = {
					639BA1CA2E9FA98B00881352 = {
						CreatedOnToolsVersion = 16.2;
					};
					639BA1E02E9FA98D00881352 = {
						CreatedOnToolsVersion = 16.2;
						TestTargetID = 639BA1CA2E9FA98B00881352;
					};
					639BA1EA2E9FA98D00881352 = {
						CreatedOnToolsVersion = 16.2;
						TestTargetID = 639BA1CA2E9FA98B00881352;
					};
				};
			};
			buildConfigurationList = 639BA1C62E9FA98B00881352 /* Build configuration list for PBXProject "Personal2" */;
			developmentRegion = en;
			hasScannedForEncodings = 0;
			knownRegions = (
				en,
				Base,
			);
			mainGroup = 639BA1C22E9FA98B00881352;
			minimizedProjectReferenceProxies = 1;
			preferredProjectObjectVersion = 77;
			productRefGroup = 639BA1CC2E9FA98B00881352 /* Products */;
			projectDirPath = "";
			projectRoot = "";
			targets = (
				639BA1CA2E9FA98B00881352 /* Personal2 */,
				639BA1E02E9FA98D00881352 /* Personal2Tests */,
				639BA1EA2E9FA98D00881352 /* Personal2UITests */,
			);
		};
/* End PBXProject section */

/* Begin PBXResourcesBuildPhase section */
		639BA1C92E9FA98B00881352 /* Resources */ = {
			isa = PBXResourcesBuildPhase;
			buildActionMask = 2147483647;
			files = (
				63EECCD62F7D9DC7004DED6A /* .env.dev in Resources */,
				63EECCD82F7DA3B8004DED6A /* .env.feature in Resources */,
			);
			runOnlyForDeploymentPostprocessing = 0;
		};
		639BA1DF2E9FA98D00881352 /* Resources */ = {
			isa = PBXResourcesBuildPhase;
			buildActionMask = 2147483647;
			files = (
			);
			runOnlyForDeploymentPostprocessing = 0;
		};
		639BA1E92E9FA98D00881352 /* Resources */ = {
			isa = PBXResourcesBuildPhase;
			buildActionMask = 2147483647;
			files = (
			);
			runOnlyForDeploymentPostprocessing = 0;
		};
/* End PBXResourcesBuildPhase section */

/* Begin PBXSourcesBuildPhase section */
		639BA1C72E9FA98B00881352 /* Sources */ = {
			isa = PBXSourcesBuildPhase;
			buildActionMask = 2147483647;
			files = (
			);
			runOnlyForDeploymentPostprocessing = 0;
		};
		639BA1DD2E9FA98D00881352 /* Sources */ = {
			isa = PBXSourcesBuildPhase;
			buildActionMask = 2147483647;
			files = (
			);
			runOnlyForDeploymentPostprocessing = 0;
		};
		639BA1E72E9FA98D00881352 /* Sources */ = {
			isa = PBXSourcesBuildPhase;
			buildActionMask = 2147483647;
			files = (
			);
			runOnlyForDeploymentPostprocessing = 0;
		};
/* End PBXSourcesBuildPhase section */

/* Begin PBXTargetDependency section */
		639BA1E32E9FA98D00881352 /* PBXTargetDependency */ = {
			isa = PBXTargetDependency;
			target = 639BA1CA2E9FA98B00881352 /* Personal2 */;
			targetProxy = 639BA1E22E9FA98D00881352 /* PBXContainerItemProxy */;
		};
		639BA1ED2E9FA98D00881352 /* PBXTargetDependency */ = {
			isa = PBXTargetDependency;
			target = 639BA1CA2E9FA98B00881352 /* Personal2 */;
			targetProxy = 639BA1EC2E9FA98D00881352 /* PBXContainerItemProxy */;
		};
/* End PBXTargetDependency section */

/* Begin XCBuildConfiguration section */
		639BA1F52E9FA98D00881352 /* Debug */ = {
			isa = XCBuildConfiguration;
			buildSettings = {
				ASSETCATALOG_COMPILER_APPICON_NAME = AppIcon;
				ASSETCATALOG_COMPILER_GLOBAL_ACCENT_COLOR_NAME = AccentColor;
				CODE_SIGN_STYLE = Automatic;
				CURRENT_PROJECT_VERSION = 1;
				DEVELOPMENT_TEAM = 4FM45LJ43V;
				GENERATE_INFOPLIST_FILE = YES;
				INFOPLIST_FILE = Personal2/Info.plist;
				INFOPLIST_KEY_UIApplicationSupportsIndirectInputEvents = YES;
				INFOPLIST_KEY_UILaunchStoryboardName = LaunchScreen;
				INFOPLIST_KEY_UIMainStoryboardFile = Main;
				INFOPLIST_KEY_UISupportedInterfaceOrientations_iPad = "UIInterfaceOrientationPortrait UIInterfaceOrientationPortraitUpsideDown UIInterfaceOrientationLandscapeLeft UIInterfaceOrientationLandscapeRight";
				INFOPLIST_KEY_UISupportedInterfaceOrientations_iPhone = "UIInterfaceOrientationPortrait UIInterfaceOrientationLandscapeLeft UIInterfaceOrientationLandscapeRight";
				LD_RUNPATH_SEARCH_PATHS = (
					"$(inherited)",
					"@executable_path/Frameworks",
				);
				MARKETING_VERSION = 1.0;
				PRODUCT_BUNDLE_IDENTIFIER = personal.Personal2;
				PRODUCT_NAME = "$(TARGET_NAME)";
				SWIFT_EMIT_LOC_STRINGS = YES;
				SWIFT_VERSION = 5.0;
				TARGETED_DEVICE_FAMILY = "1,2";
			};
			name = Debug;
		};
		639BA1F62E9FA98D00881352 /* Release */ = {
			isa = XCBuildConfiguration;
			buildSettings = {
				ASSETCATALOG_COMPILER_APPICON_NAME = AppIcon;
				ASSETCATALOG_COMPILER_GLOBAL_ACCENT_COLOR_NAME = AccentColor;
				CODE_SIGN_STYLE = Automatic;
				CURRENT_PROJECT_VERSION = 1;
				DEVELOPMENT_TEAM = 4FM45LJ43V;
				GENERATE_INFOPLIST_FILE = YES;
				INFOPLIST_FILE = Personal2/Info.plist;
				INFOPLIST_KEY_UIApplicationSupportsIndirectInputEvents = YES;
				INFOPLIST_KEY_UILaunchStoryboardName = LaunchScreen;
				INFOPLIST_KEY_UIMainStoryboardFile = Main;
				INFOPLIST_KEY_UISupportedInterfaceOrientations_iPad = "UIInterfaceOrientationPortrait UIInterfaceOrientationPortraitUpsideDown UIInterfaceOrientationLandscapeLeft UIInterfaceOrientationLandscapeRight";
				INFOPLIST_KEY_UISupportedInterfaceOrientations_iPhone = "UIInterfaceOrientationPortrait UIInterfaceOrientationLandscapeLeft UIInterfaceOrientationLandscapeRight";
				LD_RUNPATH_SEARCH_PATHS = (
					"$(inherited)",
					"@executable_path/Frameworks",
				);
				MARKETING_VERSION = 1.0;
				PRODUCT_BUNDLE_IDENTIFIER = personal.Personal2;
				PRODUCT_NAME = "$(TARGET_NAME)";
				SWIFT_EMIT_LOC_STRINGS = YES;
				SWIFT_VERSION = 5.0;
				TARGETED_DEVICE_FAMILY = "1,2";
			};
			name = Release;
		};
		639BA1F72E9FA98D00881352 /* Debug */ = {
			isa = XCBuildConfiguration;
			buildSettings = {
				ALWAYS_SEARCH_USER_PATHS = NO;
				ASSETCATALOG_COMPILER_GENERATE_SWIFT_ASSET_SYMBOL_EXTENSIONS = YES;
				CLANG_ANALYZER_NONNULL = YES;
				CLANG_ANALYZER_NUMBER_OBJECT_CONVERSION = YES_AGGRESSIVE;
				CLANG_CXX_LANGUAGE_STANDARD = "gnu++20";
				CLANG_ENABLE_MODULES = YES;
				CLANG_ENABLE_OBJC_ARC = YES;
				CLANG_ENABLE_OBJC_WEAK = YES;
				CLANG_WARN_BLOCK_CAPTURE_AUTORELEASING = YES;
				CLANG_WARN_BOOL_CONVERSION = YES;
				CLANG_WARN_COMMA = YES;
				CLANG_WARN_CONSTANT_CONVERSION = YES;
				CLANG_WARN_DEPRECATED_OBJC_IMPLEMENTATIONS = YES;
				CLANG_WARN_DIRECT_OBJC_ISA_USAGE = YES_ERROR;
				CLANG_WARN_DOCUMENTATION_COMMENTS = YES;
				CLANG_WARN_EMPTY_BODY = YES;
				CLANG_WARN_ENUM_CONVERSION = YES;
				CLANG_WARN_INFINITE_RECURSION = YES;
				CLANG_WARN_INT_CONVERSION = YES;
				CLANG_WARN_NON_LITERAL_NULL_CONVERSION = YES;
				CLANG_WARN_OBJC_IMPLICIT_RETAIN_SELF = YES;
				CLANG_WARN_OBJC_LITERAL_CONVERSION = YES;
				CLANG_WARN_OBJC_ROOT_CLASS = YES_ERROR;
				CLANG_WARN_QUOTED_INCLUDE_IN_FRAMEWORK_HEADER = YES;
				CLANG_WARN_RANGE_LOOP_ANALYSIS = YES;
				CLANG_WARN_STRICT_PROTOTYPES = YES;
				CLANG_WARN_SUSPICIOUS_MOVE = YES;
				CLANG_WARN_UNGUARDED_AVAILABILITY = YES_AGGRESSIVE;
				CLANG_WARN_UNREACHABLE_CODE = YES;
				CLANG_WARN__DUPLICATE_METHOD_MATCH = YES;
				COPY_PHASE_STRIP = NO;
				DEBUG_INFORMATION_FORMAT = dwarf;
				ENABLE_STRICT_OBJC_MSGSEND = YES;
				ENABLE_TESTABILITY = YES;
				ENABLE_USER_SCRIPT_SANDBOXING = YES;
				GCC_C_LANGUAGE_STANDARD = gnu17;
				GCC_DYNAMIC_NO_PIC = NO;
				GCC_NO_COMMON_BLOCKS = YES;
				GCC_OPTIMIZATION_LEVEL = 0;
				GCC_PREPROCESSOR_DEFINITIONS = (
					"DEBUG=1",
					"$(inherited)",
				);
				GCC_WARN_64_TO_32_BIT_CONVERSION = YES;
				GCC_WARN_ABOUT_RETURN_TYPE = YES_ERROR;
				GCC_WARN_UNDECLARED_SELECTOR = YES;
				GCC_WARN_UNINITIALIZED_AUTOS = YES_AGGRESSIVE;
				GCC_WARN_UNUSED_FUNCTION = YES;
				GCC_WARN_UNUSED_VARIABLE = YES;
				IPHONEOS_DEPLOYMENT_TARGET = 18.2;
				LOCALIZATION_PREFERS_STRING_CATALOGS = YES;
				MTL_ENABLE_DEBUG_INFO = INCLUDE_SOURCE;
				MTL_FAST_MATH = YES;
				ONLY_ACTIVE_ARCH = YES;
				SDKROOT = iphoneos;
				SWIFT_ACTIVE_COMPILATION_CONDITIONS = "DEBUG $(inherited)";
				SWIFT_OPTIMIZATION_LEVEL = "-Onone";
			};
			name = Debug;
		};
		639BA1F82E9FA98D00881352 /* Release */ = {
			isa = XCBuildConfiguration;
			buildSettings = {
				ALWAYS_SEARCH_USER_PATHS = NO;
				ASSETCATALOG_COMPILER_GENERATE_SWIFT_ASSET_SYMBOL_EXTENSIONS = YES;
				CLANG_ANALYZER_NONNULL = YES;
				CLANG_ANALYZER_NUMBER_OBJECT_CONVERSION = YES_AGGRESSIVE;
				CLANG_CXX_LANGUAGE_STANDARD = "gnu++20";
				CLANG_ENABLE_MODULES = YES;
				CLANG_ENABLE_OBJC_ARC = YES;
				CLANG_ENABLE_OBJC_WEAK = YES;
				CLANG_WARN_BLOCK_CAPTURE_AUTORELEASING = YES;
				CLANG_WARN_BOOL_CONVERSION = YES;
				CLANG_WARN_COMMA = YES;
				CLANG_WARN_CONSTANT_CONVERSION = YES;
				CLANG_WARN_DEPRECATED_OBJC_IMPLEMENTATIONS = YES;
				CLANG_WARN_DIRECT_OBJC_ISA_USAGE = YES_ERROR;
				CLANG_WARN_DOCUMENTATION_COMMENTS = YES;
				CLANG_WARN_EMPTY_BODY = YES;
				CLANG_WARN_ENUM_CONVERSION = YES;
				CLANG_WARN_INFINITE_RECURSION = YES;
				CLANG_WARN_INT_CONVERSION = YES;
				CLANG_WARN_NON_LITERAL_NULL_CONVERSION = YES;
				CLANG_WARN_OBJC_IMPLICIT_RETAIN_SELF = YES;
				CLANG_WARN_OBJC_LITERAL_CONVERSION = YES;
				CLANG_WARN_OBJC_ROOT_CLASS = YES_ERROR;
				CLANG_WARN_QUOTED_INCLUDE_IN_FRAMEWORK_HEADER = YES;
				CLANG_WARN_RANGE_LOOP_ANALYSIS = YES;
				CLANG_WARN_STRICT_PROTOTYPES = YES;
				CLANG_WARN_SUSPICIOUS_MOVE = YES;
				CLANG_WARN_UNGUARDED_AVAILABILITY = YES_AGGRESSIVE;
				CLANG_WARN_UNREACHABLE_CODE = YES;
				CLANG_WARN__DUPLICATE_METHOD_MATCH = YES;
				COPY_PHASE_STRIP = NO;
				DEBUG_INFORMATION_FORMAT = "dwarf-with-dsym";
				ENABLE_NS_ASSERTIONS = NO;
				ENABLE_STRICT_OBJC_MSGSEND = YES;
				ENABLE_USER_SCRIPT_SANDBOXING = YES;
				GCC_C_LANGUAGE_STANDARD = gnu17;
				GCC_NO_COMMON_BLOCKS = YES;
				GCC_WARN_64_TO_32_BIT_CONVERSION = YES;
				GCC_WARN_ABOUT_RETURN_TYPE = YES_ERROR;
				GCC_WARN_UNDECLARED_SELECTOR = YES;
				GCC_WARN_UNINITIALIZED_AUTOS = YES_AGGRESSIVE;
				GCC_WARN_UNUSED_FUNCTION = YES;
				GCC_WARN_UNUSED_VARIABLE = YES;
				IPHONEOS_DEPLOYMENT_TARGET = 18.2;
				LOCALIZATION_PREFERS_STRING_CATALOGS = YES;
				MTL_ENABLE_DEBUG_INFO = NO;
				MTL_FAST_MATH = YES;
				SDKROOT = iphoneos;
				SWIFT_COMPILATION_MODE = wholemodule;
				VALIDATE_PRODUCT = YES;
			};
			name = Release;
		};
		639BA1FA2E9FA98D00881352 /* Debug */ = {
			isa = XCBuildConfiguration;
			buildSettings = {
				BUNDLE_LOADER = "$(TEST_HOST)";
				CODE_SIGN_STYLE = Automatic;
				CURRENT_PROJECT_VERSION = 1;
				GENERATE_INFOPLIST_FILE = YES;
				IPHONEOS_DEPLOYMENT_TARGET = 18.2;
				MARKETING_VERSION = 1.0;
				PRODUCT_BUNDLE_IDENTIFIER = personal.Personal2Tests;
				PRODUCT_NAME = "$(TARGET_NAME)";
				SWIFT_EMIT_LOC_STRINGS = NO;
				SWIFT_VERSION = 5.0;
				TARGETED_DEVICE_FAMILY = "1,2";
				TEST_HOST = "$(BUILT_PRODUCTS_DIR)/Personal2.app/$(BUNDLE_EXECUTABLE_FOLDER_PATH)/Personal2";
			};
			name = Debug;
		};
		639BA1FB2E9FA98D00881352 /* Release */ = {
			isa = XCBuildConfiguration;
			buildSettings = {
				BUNDLE_LOADER = "$(TEST_HOST)";
				CODE_SIGN_STYLE = Automatic;
				CURRENT_PROJECT_VERSION = 1;
				GENERATE_INFOPLIST_FILE = YES;
				IPHONEOS_DEPLOYMENT_TARGET = 18.2;
				MARKETING_VERSION = 1.0;
				PRODUCT_BUNDLE_IDENTIFIER = personal.Personal2Tests;
				PRODUCT_NAME = "$(TARGET_NAME)";
				SWIFT_EMIT_LOC_STRINGS = NO;
				SWIFT_VERSION = 5.0;
				TARGETED_DEVICE_FAMILY = "1,2";
				TEST_HOST = "$(BUILT_PRODUCTS_DIR)/Personal2.app/$(BUNDLE_EXECUTABLE_FOLDER_PATH)/Personal2";
			};
			name = Release;
		};
		639BA1FD2E9FA98D00881352 /* Debug */ = {
			isa = XCBuildConfiguration;
			buildSettings = {
				CODE_SIGN_STYLE = Automatic;
				CURRENT_PROJECT_VERSION = 1;
				GENERATE_INFOPLIST_FILE = YES;
				MARKETING_VERSION = 1.0;
				PRODUCT_BUNDLE_IDENTIFIER = personal.Personal2UITests;
				PRODUCT_NAME = "$(TARGET_NAME)";
				SWIFT_EMIT_LOC_STRINGS = NO;
				SWIFT_VERSION = 5.0;
				TARGETED_DEVICE_FAMILY = "1,2";
				TEST_TARGET_NAME = Personal2;
			};
			name = Debug;
		};
		639BA1FE2E9FA98D00881352 /* Release */ = {
			isa = XCBuildConfiguration;
			buildSettings = {
				CODE_SIGN_STYLE = Automatic;
				CURRENT_PROJECT_VERSION = 1;
				GENERATE_INFOPLIST_FILE = YES;
				MARKETING_VERSION = 1.0;
				PRODUCT_BUNDLE_IDENTIFIER = personal.Personal2UITests;
				PRODUCT_NAME = "$(TARGET_NAME)";
				SWIFT_EMIT_LOC_STRINGS = NO;
				SWIFT_VERSION = 5.0;
				TARGETED_DEVICE_FAMILY = "1,2";
				TEST_TARGET_NAME = Personal2;
			};
			name = Release;
		};
/* End XCBuildConfiguration section */

/* Begin XCConfigurationList section */
		639BA1C62E9FA98B00881352 /* Build configuration list for PBXProject "Personal2" */ = {
			isa = XCConfigurationList;
			buildConfigurations = (
				639BA1F72E9FA98D00881352 /* Debug */,
				639BA1F82E9FA98D00881352 /* Release */,
			);
			defaultConfigurationIsVisible = 0;
			defaultConfigurationName = Release;
		};
		639BA1F42E9FA98D00881352 /* Build configuration list for PBXNativeTarget "Personal2" */ = {
			isa = XCConfigurationList;
			buildConfigurations = (
				639BA1F52E9FA98D00881352 /* Debug */,
				639BA1F62E9FA98D00881352 /* Release */,
			);
			defaultConfigurationIsVisible = 0;
			defaultConfigurationName = Release;
		};
		639BA1F92E9FA98D00881352 /* Build configuration list for PBXNativeTarget "Personal2Tests" */ = {
			isa = XCConfigurationList;
			buildConfigurations = (
				639BA1FA2E9FA98D00881352 /* Debug */,
				639BA1FB2E9FA98D00881352 /* Release */,
			);
			defaultConfigurationIsVisible = 0;
			defaultConfigurationName = Release;
		};
		639BA1FC2E9FA98D00881352 /* Build configuration list for PBXNativeTarget "Personal2UITests" */ = {
			isa = XCConfigurationList;
			buildConfigurations = (
				639BA1FD2E9FA98D00881352 /* Debug */,
				639BA1FE2E9FA98D00881352 /* Release */,
			);
			defaultConfigurationIsVisible = 0;
			defaultConfigurationName = Release;
		};
/* End XCConfigurationList section */
	};
	rootObject = 639BA1C32E9FA98B00881352 /* Project object */;
}
